{"version":4,"terraform_version":"1.11.1","serial":6,"lineage":"f5a8f2aa-5ab4-4085-b564-11e8387f996b","outputs":{"back_instance":{"value":"Back","type":"string"},"front_instance":{"value":"Front","type":"string"},"network_name":{"value":"terraform-net","type":"string"}},"resources":[{"mode":"managed","type":"incus_instance","name":"back","provider":"provider[\"registry.opentofu.org/lxc/incus\"]","instances":[{"schema_version":0,"attributes":{"architecture":"x86_64","config":{"limits.cpu":"1","limits.memory":"1GB"},"description":"","device":[{"name":"eth0","properties":{"network":"terraform-net"},"type":"nic"},{"name":"root","properties":{"path":"/","pool":"shared","size":"32GB"},"type":"disk"}],"ephemeral":false,"file":[],"image":"images:ubuntu/jammy/cloud","ipv4_address":"10.0.100.2","ipv6_address":null,"mac_address":"10:66:6a:04:ef:04","name":"Back","profiles":["default"],"project":"HingeEnjoyer4Living2BetterYourself","remote":"iaas","running":true,"source_file":null,"source_instance":null,"status":"Running","target":"gentle-fox","type":"virtual-machine","wait_for":[]},"sensitive_attributes":[],"dependencies":["incus_network.dedicated"]}]},{"mode":"managed","type":"incus_network","name":"dedicated","provider":"provider[\"registry.opentofu.org/lxc/incus\"]","instances":[{"schema_version":0,"attributes":{"config":{"ipv4.address":"10.0.100.1/24","ipv4.nat":"true","ipv6.address":"none","network":"UPLINK"},"description":"","managed":true,"name":"terraform-net","project":"HingeEnjoyer4Living2BetterYourself","remote":"iaas","target":null,"type":"ovn"},"sensitive_attributes":[]}]}],"check_results":null}
