{"version":4,"terraform_version":"1.11.1","serial":14,"lineage":"f5a8f2aa-5ab4-4085-b564-11e8387f996b","outputs":{"back_instance":{"value":"Back","type":"string"},"front_instance":{"value":"Front","type":"string"},"network_name":{"value":"terraform-net","type":"string"}},"resources":[{"mode":"managed","type":"incus_network","name":"dedicated","provider":"provider[\"registry.opentofu.org/lxc/incus\"]","instances":[{"schema_version":0,"attributes":{"config":{"ipv4.address":"10.0.100.1/24","ipv4.nat":"true","ipv6.address":"none","network":"UPLINK"},"description":"","managed":true,"name":"terraform-net","project":"HingeEnjoyer4Living2BetterYourself","remote":"iaas","target":null,"type":"ovn"},"sensitive_attributes":[]}]}],"check_results":null}
