{"version":4,"terraform_version":"1.11.1","serial":32,"lineage":"4cc384e0-1090-f72c-aef9-c49201ff98e9","outputs":{"ansible_instance":{"value":"Ansible","type":"string"},"back_instance":{"value":"Back","type":"string"},"front_instance":{"value":"Front","type":"string"},"network_name":{"value":"terraform-net","type":"string"},"web_instance":{"value":"WEB","type":"string"}},"resources":[{"mode":"managed","type":"incus_instance","name":"WEB","provider":"provider[\"registry.opentofu.org/lxc/incus\"]","instances":[{"schema_version":0,"attributes":{"architecture":"x86_64","config":{"limits.cpu":"1","limits.memory":"1GB","security.protection.delete":"true","security.secureboot":"false","user.user-data":"#cloud-config\r\npackage_update: true\r\npackage_upgrade: true\r\n\r\npackages:\r\n  - openssh-server\r\n\r\nssh_pwauth: false\r\n\r\nusers:\r\n  - name: debian\r\n    sudo: ALL=(ALL) NOPASSWD:ALL\r\n    shell: /bin/bash\r\n    ssh_authorized_keys:\r\n      - ssh-ed25519 AAAAC3NzaC1lZDI1NTE5AAAAIGKONDBN/SoaXgJNFiEzqafh+ImYB7/rpE+yPL6NpF3i\r\n\r\nruncmd:\r\n  - mkdir -p /home/debian/.ssh \u0026\u0026 chmod 700 /home/debian/.ssh \u0026\u0026 chown -R debian:debian /home/debian/.ssh\r\n  - chmod 600 /home/debian/.ssh/authorized_keys \u0026\u0026 chown debian:debian /home/debian/.ssh/authorized_keys\r\n  - systemctl enable ssh\r\n  - systemctl restart ssh\r\n\r\nfinal_message: \"SSH server ensured running on Debian 13.\"\r\n"},"description":"","device":[{"name":"eth0","properties":{"network":"terraform-net"},"type":"nic"},{"name":"root","properties":{"path":"/","pool":"local","size":"10GB"},"type":"disk"}],"ephemeral":false,"file":[],"image":"images:debian/trixie/cloud","ipv4_address":"10.0.100.2","ipv6_address":null,"mac_address":"10:66:6a:7a:fa:fd","name":"WEB","profiles":["default"],"project":"HingeEnjoyer4Living2BetterYourself","remote":"iaas","running":true,"source_file":null,"source_instance":null,"status":"Running","target":"mighty-deer","type":"virtual-machine","wait_for":[]},"sensitive_attributes":[[{"type":"get_attr","value":"config"},{"type":"index","value":{"value":"user.user-data","type":"string"}}]],"dependencies":["incus_network.dedicated"]}]},{"mode":"managed","type":"incus_instance","name":"ansible","provider":"provider[\"registry.opentofu.org/lxc/incus\"]","instances":[{"schema_version":0,"attributes":{"architecture":"x86_64","config":{"limits.cpu":"1","limits.memory":"1GB","security.secureboot":"false","user.user-data":"#cloud-config\r\npackage_update: true\r\npackage_upgrade: true\r\n\r\npackages:\r\n  - openssh-server\r\n  - ansible\r\n\r\nssh_pwauth: false\r\n\r\nusers:\r\n  - name: ubuntu\r\n    sudo: ALL=(ALL) NOPASSWD:ALL\r\n    shell: /bin/bash\r\n\r\nruncmd:\r\n  - systemctl enable ssh\r\n  - systemctl restart ssh\r\n\r\nfinal_message: \"Ansible and SSH installed on Ubuntu Ansible host.\"\r\n"},"description":"","device":[{"name":"eth0","properties":{"network":"terraform-net"},"type":"nic"},{"name":"root","properties":{"path":"/","pool":"local","size":"10GB"},"type":"disk"}],"ephemeral":false,"file":[],"image":"images:ubuntu/jammy/cloud","ipv4_address":"10.0.100.3","ipv6_address":null,"mac_address":"10:66:6a:f6:71:d7","name":"Ansible","profiles":[],"project":"HingeEnjoyer4Living2BetterYourself","remote":"iaas","running":true,"source_file":null,"source_instance":null,"status":"Running","target":"brave-whale","type":"virtual-machine","wait_for":[]},"sensitive_attributes":[],"dependencies":["incus_network.dedicated"]}]},{"mode":"managed","type":"incus_instance","name":"back","provider":"provider[\"registry.opentofu.org/lxc/incus\"]","instances":[{"status":"tainted","schema_version":0,"attributes":{"architecture":null,"config":null,"description":null,"device":[],"ephemeral":null,"file":[],"image":null,"ipv4_address":null,"ipv6_address":null,"mac_address":null,"name":"Back","profiles":null,"project":null,"remote":null,"running":null,"source_file":null,"source_instance":null,"status":null,"target":null,"type":null,"wait_for":[]},"sensitive_attributes":[],"dependencies":["incus_network.dedicated"]}]},{"mode":"managed","type":"incus_network","name":"dedicated","provider":"provider[\"registry.opentofu.org/lxc/incus\"]","instances":[{"schema_version":0,"attributes":{"config":{"ipv4.address":"10.0.100.1/24","ipv4.nat":"true","ipv6.address":"none","network":"UPLINK"},"description":"","managed":true,"name":"terraform-net","project":"HingeEnjoyer4Living2BetterYourself","remote":"iaas","target":null,"type":"ovn"},"sensitive_attributes":[]}]}],"check_results":null}
